<?xml version="1.0" encoding="utf-8"?>
<Project ToolsVersion="4.0" xmlns="http://schemas.microsoft.com/developer/msbuild/2003">
  <ItemGroup>
    <Filter Include="Source Files">
      <UniqueIdentifier>{4FC737F1-C7A5-4376-A066-2A32D752A2FF}</UniqueIdentifier>
      <Extensions>cpp;c;cc;cxx;c++;cppm;ixx;def;odl;idl;hpj;bat;asm;asmx</Extensions>
    </Filter>
    <Filter Include="Header Files">
      <UniqueIdentifier>{93995380-89BD-4b04-88EB-625FBE52EBFB}</UniqueIdentifier>
      <Extensions>h;hh;hpp;hxx;h++;hm;inl;inc;ipp;xsd</Extensions>
    </Filter>
    <Filter Include="Resource Files">
      <UniqueIdentifier>{67DA6AB6-F800-4c08-8B7A-83BB121AAD01}</UniqueIdentifier>
      <Extensions>rc;ico;cur;bmp;dlg;rc2;rct;bin;rgs;gif;jpg;jpeg;jpe;resx;tiff;tif;png;wav;mfcribbon-ms</Extensions>
    </Filter>
  </ItemGroup>
  <ItemGroup>
    <ClInclude Include="framework.h">
      <Filter>Header Files</Filter>
    </ClInclude>
    <ClInclude Include="pch.h">
      <Filter>Header Files</Filter>
    </ClInclude>
    <ClInclude Include="MIDI.H">
      <Filter>Header Files</Filter>
    </ClInclude>
    <ClInclude Include="SHARED.H">
      <Filter>Header Files</Filter>
    </ClInclude>
    <ClInclude Include="MCOOKSEY.H">
      <Filter>Header Files</Filter>
    </ClInclude>
    <ClInclude Include="TIERTEX.H">
      <Filter>Header Files</Filter>
    </ClInclude>
    <ClInclude Include="GHX.H">
      <Filter>Header Files</Filter>
    </ClInclude>
    <ClInclude Include="AUDIOART.H">
      <Filter>Header Files</Filter>
    </ClInclude>
    <ClInclude Include="RNC.H">
      <Filter>Header Files</Filter>
    </ClInclude>
    <ClInclude Include="CLIMAX.H">
      <Filter>Header Files</Filter>
    </ClInclude>
    <ClInclude Include="MWALKER.H">
      <Filter>Header Files</Filter>
    </ClInclude>
    <ClInclude Include="MEGAMAN1.H">
      <Filter>Header Files</Filter>
    </ClInclude>
    <ClInclude Include="DW.H">
      <Filter>Header Files</Filter>
    </ClInclude>
    <ClInclude Include="NINTENDO.H">
      <Filter>Header Files</Filter>
    </ClInclude>
    <ClInclude Include="PARAGON5.H">
      <Filter>Header Files</Filter>
    </ClInclude>
    <ClInclude Include="OCEAN.H">
      <Filter>Header Files</Filter>
    </ClInclude>
    <ClInclude Include="MEGAMAN2.H">
      <Filter>Header Files</Filter>
    </ClInclude>
    <ClInclude Include="MEGAMAN3.H">
      <Filter>Header Files</Filter>
    </ClInclude>
    <ClInclude Include="IMAGNRNG.H">
      <Filter>Header Files</Filter>
    </ClInclude>
    <ClInclude Include="CAPCOM.H">
      <Filter>Header Files</Filter>
    </ClInclude>
    <ClInclude Include="KONAMI.H">
      <Filter>Header Files</Filter>
    </ClInclude>
    <ClInclude Include="AJG.H">
      <Filter>Header Files</Filter>
    </ClInclude>
    <ClInclude Include="HAL.H">
      <Filter>Header Files</Filter>
    </ClInclude>
    <ClInclude Include="REALTIME.H">
      <Filter>Header Files</Filter>
    </ClInclude>
    <ClInclude Include="METROID2.H">
      <Filter>Header Files</Filter>
    </ClInclude>
    <ClInclude Include="RARE.H">
      <Filter>Header Files</Filter>
    </ClInclude>
    <ClInclude Include="GAMEFRK.H">
      <Filter>Header Files</Filter>
    </ClInclude>
    <ClInclude Include="JEROTEL.H">
      <Filter>Header Files</Filter>
    </ClInclude>
    <ClInclude Include="WARIOL2.H">
      <Filter>Header Files</Filter>
    </ClInclude>
    <ClInclude Include="PROBE.H">
      <Filter>Header Files</Filter>
    </ClInclude>
    <ClInclude Include="ROLAN.H">
      <Filter>Header Files</Filter>
    </ClInclude>
    <ClInclude Include="TECHNOS.H">
      <Filter>Header Files</Filter>
    </ClInclude>
    <ClInclude Include="TOSE.H">
      <Filter>Header Files</Filter>
    </ClInclude>
    <ClInclude Include="DAVDSHEA.H">
      <Filter>Header Files</Filter>
    </ClInclude>
    <ClInclude Include="NATSUME.H">
      <Filter>Header Files</Filter>
    </ClInclude>
    <ClInclude Include="BEAM.H">
      <Filter>Header Files</Filter>
    </ClInclude>
    <ClInclude Include="HUDSON.H">
      <Filter>Header Files</Filter>
    </ClInclude>
    <ClInclude Include="MUSYX.H">
      <Filter>Header Files</Filter>
    </ClInclude>
    <ClInclude Include="WAV.H">
      <Filter>Header Files</Filter>
    </ClInclude>
    <ClInclude Include="SUNSOFT.H">
      <Filter>Header Files</Filter>
    </ClInclude>
    <ClInclude Include="TITUS1.H">
      <Filter>Header Files</Filter>
    </ClInclude>
    <ClInclude Include="KSADA.H">
      <Filter>Header Files</Filter>
    </ClInclude>
    <ClInclude Include="SQZDEC.H">
      <Filter>Header Files</Filter>
    </ClInclude>
    <ClInclude Include="TITUSDEC.H">
      <Filter>Header Files</Filter>
    </ClInclude>
    <ClInclude Include="TITUS2.H">
      <Filter>Header Files</Filter>
    </ClInclude>
    <ClInclude Include="SQUARE.H">
      <Filter>Header Files</Filter>
    </ClInclude>
    <ClInclude Include="DE1.H">
      <Filter>Header Files</Filter>
    </ClInclude>
    <ClInclude Include="LUFIA.H">
      <Filter>Header Files</Filter>
    </ClInclude>
    <ClInclude Include="BGDEC.H">
      <Filter>Header Files</Filter>
    </ClInclude>
    <ClInclude Include="CUBE.H">
      <Filter>Header Files</Filter>
    </ClInclude>
    <ClInclude Include="MPLAY.H">
      <Filter>Header Files</Filter>
    </ClInclude>
    <ClInclude Include="JSAITO.H">
      <Filter>Header Files</Filter>
    </ClInclude>
    <ClInclude Include="CARILLON.H">
      <Filter>Header Files</Filter>
    </ClInclude>
    <ClInclude Include="DUCKT.H">
      <Filter>Header Files</Filter>
    </ClInclude>
    <ClInclude Include="COSMIGO.H">
      <Filter>Header Files</Filter>
    </ClInclude>
    <ClInclude Include="MAKE.H">
      <Filter>Header Files</Filter>
    </ClInclude>
    <ClInclude Include="TARANTLA.H">
      <Filter>Header Files</Filter>
    </ClInclude>
    <ClInclude Include="SHEEP.H">
      <Filter>Header Files</Filter>
    </ClInclude>
    <ClInclude Include="EDMAGNIN.H">
      <Filter>Header Files</Filter>
    </ClInclude>
    <ClInclude Include="ALLEYWAY.H">
      <Filter>Header Files</Filter>
    </ClInclude>
    <ClInclude Include="NOVA.H">
      <Filter>Header Files</Filter>
    </ClInclude>
    <ClInclude Include="CANNON.H">
      <Filter>Header Files</Filter>
    </ClInclude>
    <ClInclude Include="SCULPT.H">
      <Filter>Header Files</Filter>
    </ClInclude>
    <ClInclude Include="KEMCO.H">
      <Filter>Header Files</Filter>
    </ClInclude>
    <ClInclude Include="NBALDWIN.H">
      <Filter>Header Files</Filter>
    </ClInclude>
    <ClInclude Include="DKONG.H">
      <Filter>Header Files</Filter>
    </ClInclude>
    <ClInclude Include="EASTRDGE.H">
      <Filter>Header Files</Filter>
    </ClInclude>
    <ClInclude Include="MARBLE.H">
      <Filter>Header Files</Filter>
    </ClInclude>
    <ClInclude Include="NAMCO.H">
      <Filter>Header Files</Filter>
    </ClInclude>
    <ClInclude Include="NOWPRO.H">
      <Filter>Header Files</Filter>
    </ClInclude>
    <ClInclude Include="SAFFIRE.H">
      <Filter>Header Files</Filter>
    </ClInclude>
    <ClInclude Include="DSEQ.H">
      <Filter>Header Files</Filter>
    </ClInclude>
    <ClInclude Include="FACTOR5.H">
      <Filter>Header Files</Filter>
    </ClInclude>
    <ClInclude Include="ATLUS.H">
      <Filter>Header Files</Filter>
    </ClInclude>
    <ClInclude Include="CODEMONK.H">
      <Filter>Header Files</Filter>
    </ClInclude>
    <ClInclude Include="TAITO.H">
      <Filter>Header Files</Filter>
    </ClInclude>
    <ClInclude Include="ACT.H">
      <Filter>Header Files</Filter>
    </ClInclude>
    <ClInclude Include="WINKYSFT.H">
      <Filter>Header Files</Filter>
    </ClInclude>
    <ClInclude Include="COMPILE.H">
      <Filter>Header Files</Filter>
    </ClInclude>
    <ClInclude Include="BITS.H">
      <Filter>Header Files</Filter>
    </ClInclude>
    <ClInclude Include="GEX.H">
      <Filter>Header Files</Filter>
    </ClInclude>
    <ClInclude Include="AICOM.H">
      <Filter>Header Files</Filter>
    </ClInclude>
    <ClInclude Include="EHY.H">
      <Filter>Header Files</Filter>
    </ClInclude>
    <ClInclude Include="PBOX.H">
      <Filter>Header Files</Filter>
    </ClInclude>
    <ClInclude Include="PBDEC.H">
      <Filter>Header Files</Filter>
    </ClInclude>
    <ClInclude Include="VI.H">
      <Filter>Header Files</Filter>
    </ClInclude>
    <ClInclude Include="PUCRUNCH.H">
      <Filter>Header Files</Filter>
    </ClInclude>
    <ClInclude Include="T2KDEC.H">
      <Filter>Header Files</Filter>
    </ClInclude>
    <ClInclude Include="CULTRBRN.H">
      <Filter>Header Files</Filter>
    </ClInclude>
    <ClInclude Include="BIONIC.H">
      <Filter>Header Files</Filter>
    </ClInclude>
    <ClInclude Include="DATAEAST.H">
      <Filter>Header Files</Filter>
    </ClInclude>
    <ClInclude Include="KARMA.H">
      <Filter>Header Files</Filter>
    </ClInclude>
    <ClInclude Include="MMSS.H">
      <Filter>Header Files</Filter>
    </ClInclude>
  </ItemGroup>
  <ItemGroup>
    <ClCompile Include="SHARED.C">
      <Filter>Source Files</Filter>
    </ClCompile>
    <ClCompile Include="pch.c">
      <Filter>Source Files</Filter>
    </ClCompile>
    <ClCompile Include="MIDI.C">
      <Filter>Source Files</Filter>
    </ClCompile>
    <ClCompile Include="MCOOKSEY.C">
      <Filter>Source Files</Filter>
    </ClCompile>
    <ClCompile Include="TIERTEX.C">
      <Filter>Source Files</Filter>
    </ClCompile>
    <ClCompile Include="GHX.C">
      <Filter>Source Files</Filter>
    </ClCompile>
    <ClCompile Include="AUDIOART.C">
      <Filter>Source Files</Filter>
    </ClCompile>
    <ClCompile Include="CLIMAX.C">
      <Filter>Source Files</Filter>
    </ClCompile>
    <ClCompile Include="MWALKER.C">
      <Filter>Source Files</Filter>
    </ClCompile>
    <ClCompile Include="MEGAMAN1.C">
      <Filter>Source Files</Filter>
    </ClCompile>
    <ClCompile Include="DW.C">
      <Filter>Source Files</Filter>
    </ClCompile>
    <ClCompile Include="NINTENDO.C">
      <Filter>Source Files</Filter>
    </ClCompile>
    <ClCompile Include="PARAGON5.C">
      <Filter>Source Files</Filter>
    </ClCompile>
    <ClCompile Include="OCEAN.C">
      <Filter>Source Files</Filter>
    </ClCompile>
    <ClCompile Include="MEGAMAN2.C">
      <Filter>Source Files</Filter>
    </ClCompile>
    <ClCompile Include="MEGAMAN3.C">
      <Filter>Source Files</Filter>
    </ClCompile>
    <ClCompile Include="IMAGNRNG.C">
      <Filter>Source Files</Filter>
    </ClCompile>
    <ClCompile Include="CAPCOM.C">
      <Filter>Source Files</Filter>
    </ClCompile>
    <ClCompile Include="KONAMI.C">
      <Filter>Source Files</Filter>
    </ClCompile>
    <ClCompile Include="AJG.C">
      <Filter>Source Files</Filter>
    </ClCompile>
    <ClCompile Include="HAL.C">
      <Filter>Source Files</Filter>
    </ClCompile>
    <ClCompile Include="REALTIME.C">
      <Filter>Source Files</Filter>
    </ClCompile>
    <ClCompile Include="METROID2.C">
      <Filter>Source Files</Filter>
    </ClCompile>
    <ClCompile Include="RARE.C">
      <Filter>Source Files</Filter>
    </ClCompile>
    <ClCompile Include="GAMEFRK.C">
      <Filter>Source Files</Filter>
    </ClCompile>
    <ClCompile Include="JEROTEL.C">
      <Filter>Source Files</Filter>
    </ClCompile>
    <ClCompile Include="WARIOL2.C">
      <Filter>Source Files</Filter>
    </ClCompile>
    <ClCompile Include="PROBE.C">
      <Filter>Source Files</Filter>
    </ClCompile>
    <ClCompile Include="ROLAN.C">
      <Filter>Source Files</Filter>
    </ClCompile>
    <ClCompile Include="TECHNOS.C">
      <Filter>Source Files</Filter>
    </ClCompile>
    <ClCompile Include="TOSE.C">
      <Filter>Source Files</Filter>
    </ClCompile>
    <ClCompile Include="DAVDSHEA.C">
      <Filter>Source Files</Filter>
    </ClCompile>
    <ClCompile Include="NATSUME.C">
      <Filter>Source Files</Filter>
    </ClCompile>
    <ClCompile Include="BEAM.C">
      <Filter>Source Files</Filter>
    </ClCompile>
    <ClCompile Include="HUDSON.C">
      <Filter>Source Files</Filter>
    </ClCompile>
    <ClCompile Include="MUSYX.C">
      <Filter>Source Files</Filter>
    </ClCompile>
    <ClCompile Include="SUNSOFT.C">
      <Filter>Source Files</Filter>
    </ClCompile>
    <ClCompile Include="TITUS1.C">
      <Filter>Source Files</Filter>
    </ClCompile>
    <ClCompile Include="KSADA.C">
      <Filter>Source Files</Filter>
    </ClCompile>
    <ClCompile Include="RNC.C">
      <Filter>Source Files</Filter>
    </ClCompile>
    <ClCompile Include="SQZDEC.C">
      <Filter>Source Files</Filter>
    </ClCompile>
    <ClCompile Include="TITUSDEC.C">
      <Filter>Source Files</Filter>
    </ClCompile>
    <ClCompile Include="TITUS2.C">
      <Filter>Source Files</Filter>
    </ClCompile>
    <ClCompile Include="SQUARE.C">
      <Filter>Source Files</Filter>
    </ClCompile>
    <ClCompile Include="DE1.C">
      <Filter>Source Files</Filter>
    </ClCompile>
    <ClCompile Include="LUFIA.C">
      <Filter>Source Files</Filter>
    </ClCompile>
    <ClCompile Include="CUBE.C">
      <Filter>Source Files</Filter>
    </ClCompile>
    <ClCompile Include="BGDEC.C">
      <Filter>Source Files</Filter>
    </ClCompile>
    <ClCompile Include="MPLAY.C">
      <Filter>Source Files</Filter>
    </ClCompile>
    <ClCompile Include="JSAITO.C">
      <Filter>Source Files</Filter>
    </ClCompile>
    <ClCompile Include="CARILLON.C">
      <Filter>Source Files</Filter>
    </ClCompile>
    <ClCompile Include="DUCKT.C">
      <Filter>Source Files</Filter>
    </ClCompile>
    <ClCompile Include="COSMIGO.C">
      <Filter>Source Files</Filter>
    </ClCompile>
    <ClCompile Include="MAKE.C">
      <Filter>Source Files</Filter>
    </ClCompile>
    <ClCompile Include="TARANTLA.C">
      <Filter>Source Files</Filter>
    </ClCompile>
    <ClCompile Include="SHEEP.C">
      <Filter>Source Files</Filter>
    </ClCompile>
    <ClCompile Include="EDMAGNIN.C">
      <Filter>Source Files</Filter>
    </ClCompile>
    <ClCompile Include="ALLEYWAY.C">
      <Filter>Source Files</Filter>
    </ClCompile>
    <ClCompile Include="NOVA.C">
      <Filter>Source Files</Filter>
    </ClCompile>
    <ClCompile Include="CANNON.C">
      <Filter>Source Files</Filter>
    </ClCompile>
    <ClCompile Include="SCULPT.C">
      <Filter>Source Files</Filter>
    </ClCompile>
    <ClCompile Include="KEMCO.C">
      <Filter>Source Files</Filter>
    </ClCompile>
    <ClCompile Include="NBALDWIN.C">
      <Filter>Source Files</Filter>
    </ClCompile>
    <ClCompile Include="DKONG.C">
      <Filter>Source Files</Filter>
    </ClCompile>
    <ClCompile Include="EASTRDGE.C">
      <Filter>Source Files</Filter>
    </ClCompile>
    <ClCompile Include="MARBLE.C">
      <Filter>Source Files</Filter>
    </ClCompile>
    <ClCompile Include="NAMCO.C">
      <Filter>Source Files</Filter>
    </ClCompile>
    <ClCompile Include="NOWPRO.C">
      <Filter>Source Files</Filter>
    </ClCompile>
    <ClCompile Include="SAFFIRE.C">
      <Filter>Source Files</Filter>
    </ClCompile>
    <ClCompile Include="DSEQ.C">
      <Filter>Source Files</Filter>
    </ClCompile>
    <ClCompile Include="FACTOR5.C">
      <Filter>Source Files</Filter>
    </ClCompile>
    <ClCompile Include="ATLUS.C">
      <Filter>Source Files</Filter>
    </ClCompile>
    <ClCompile Include="CODEMONK.C">
      <Filter>Source Files</Filter>
    </ClCompile>
    <ClCompile Include="TAITO.C">
      <Filter>Source Files</Filter>
    </ClCompile>
    <ClCompile Include="ACT.C">
      <Filter>Source Files</Filter>
    </ClCompile>
    <ClCompile Include="WINKYSFT.C">
      <Filter>Source Files</Filter>
    </ClCompile>
    <ClCompile Include="COMPILE.C">
      <Filter>Source Files</Filter>
    </ClCompile>
    <ClCompile Include="BITS.C">
      <Filter>Source Files</Filter>
    </ClCompile>
    <ClCompile Include="GEX.C">
      <Filter>Source Files</Filter>
    </ClCompile>
    <ClCompile Include="AICOM.C">
      <Filter>Source Files</Filter>
    </ClCompile>
    <ClCompile Include="EHY.C">
      <Filter>Source Files</Filter>
    </ClCompile>
    <ClCompile Include="PBOX.C">
      <Filter>Source Files</Filter>
    </ClCompile>
    <ClCompile Include="PBDEC.C">
      <Filter>Source Files</Filter>
    </ClCompile>
    <ClCompile Include="VI.C">
      <Filter>Source Files</Filter>
    </ClCompile>
    <ClCompile Include="PUCRUNCH.C">
      <Filter>Source Files</Filter>
    </ClCompile>
    <ClCompile Include="T2KDEC.C">
      <Filter>Source Files</Filter>
    </ClCompile>
    <ClCompile Include="CULTRBRN.C">
      <Filter>Source Files</Filter>
    </ClCompile>
    <ClCompile Include="BIONIC.C">
      <Filter>Source Files</Filter>
    </ClCompile>
    <ClCompile Include="DATAEAST.C">
      <Filter>Source Files</Filter>
    </ClCompile>
    <ClCompile Include="KARMA.C">
      <Filter>Source Files</Filter>
    </ClCompile>
    <ClCompile Include="MMSS.C">
      <Filter>Source Files</Filter>
    </ClCompile>
  </ItemGroup>
</Project>