<?xml version="1.0" encoding="utf-8"?>
<Project ToolsVersion="4.0" xmlns="http://schemas.microsoft.com/developer/msbuild/2003">
  <ItemGroup>
    <Filter Include="Source Files">
      <UniqueIdentifier>{4FC737F1-C7A5-4376-A066-2A32D752A2FF}</UniqueIdentifier>
      <Extensions>cpp;c;cc;cxx;c++;cppm;ixx;def;odl;idl;hpj;bat;asm;asmx</Extensions>
    </Filter>
    <Filter Include="Header Files">
      <UniqueIdentifier>{93995380-89BD-4b04-88EB-625FBE52EBFB}</UniqueIdentifier>
      <Extensions>h;hh;hpp;hxx;h++;hm;inl;inc;ipp;xsd</Extensions>
    </Filter>
    <Filter Include="Resource Files">
      <UniqueIdentifier>{67DA6AB6-F800-4c08-8B7A-83BB121AAD01}</UniqueIdentifier>
      <Extensions>rc;ico;cur;bmp;dlg;rc2;rct;bin;rgs;gif;jpg;jpeg;jpe;resx;tiff;tif;png;wav;mfcribbon-ms</Extensions>
    </Filter>
  </ItemGroup>
  <ItemGroup>
    <ClInclude Include="framework.h">
      <Filter>Header Files</Filter>
    </ClInclude>
    <ClInclude Include="pch.h">
      <Filter>Header Files</Filter>
    </ClInclude>
    <ClInclude Include="MIDI.H">
      <Filter>Header Files</Filter>
    </ClInclude>
    <ClInclude Include="SHARED.H">
      <Filter>Header Files</Filter>
    </ClInclude>
    <ClInclude Include="MCOOKSEY.H">
      <Filter>Header Files</Filter>
    </ClInclude>
    <ClInclude Include="TIERTEX.H">
      <Filter>Header Files</Filter>
    </ClInclude>
    <ClInclude Include="GHX.H">
      <Filter>Header Files</Filter>
    </ClInclude>
    <ClInclude Include="AUDIOART.H">
      <Filter>Header Files</Filter>
    </ClInclude>
    <ClInclude Include="RNC.H">
      <Filter>Header Files</Filter>
    </ClInclude>
    <ClInclude Include="CLIMAX.H">
      <Filter>Header Files</Filter>
    </ClInclude>
    <ClInclude Include="MWALKER.H">
      <Filter>Header Files</Filter>
    </ClInclude>
    <ClInclude Include="MEGAMAN1.H">
      <Filter>Header Files</Filter>
    </ClInclude>
    <ClInclude Include="DW.H">
      <Filter>Header Files</Filter>
    </ClInclude>
    <ClInclude Include="NINTENDO.H">
      <Filter>Header Files</Filter>
    </ClInclude>
    <ClInclude Include="PARAGON5.H">
      <Filter>Header Files</Filter>
    </ClInclude>
    <ClInclude Include="OCEAN.H">
      <Filter>Header Files</Filter>
    </ClInclude>
    <ClInclude Include="MEGAMAN2.H">
      <Filter>Header Files</Filter>
    </ClInclude>
    <ClInclude Include="MEGAMAN3.H">
      <Filter>Header Files</Filter>
    </ClInclude>
    <ClInclude Include="IMAGNRNG.H">
      <Filter>Header Files</Filter>
    </ClInclude>
    <ClInclude Include="CAPCOM.H">
      <Filter>Header Files</Filter>
    </ClInclude>
    <ClInclude Include="KONAMI.H">
      <Filter>Header Files</Filter>
    </ClInclude>
    <ClInclude Include="AJG.H">
      <Filter>Header Files</Filter>
    </ClInclude>
    <ClInclude Include="HAL.H">
      <Filter>Header Files</Filter>
    </ClInclude>
    <ClInclude Include="REALTIME.H">
      <Filter>Header Files</Filter>
    </ClInclude>
    <ClInclude Include="METROID2.H">
      <Filter>Header Files</Filter>
    </ClInclude>
    <ClInclude Include="RARE.H">
      <Filter>Header Files</Filter>
    </ClInclude>
    <ClInclude Include="GAMEFRK.H">
      <Filter>Header Files</Filter>
    </ClInclude>
    <ClInclude Include="JEROTEL.H">
      <Filter>Header Files</Filter>
    </ClInclude>
    <ClInclude Include="WARIOL2.H">
      <Filter>Header Files</Filter>
    </ClInclude>
    <ClInclude Include="PROBE.H">
      <Filter>Header Files</Filter>
    </ClInclude>
    <ClInclude Include="ROLAN.H">
      <Filter>Header Files</Filter>
    </ClInclude>
    <ClInclude Include="TECHNOS.H">
      <Filter>Header Files</Filter>
    </ClInclude>
    <ClInclude Include="TOSE.H">
      <Filter>Header Files</Filter>
    </ClInclude>
    <ClInclude Include="DAVDSHEA.H">
      <Filter>Header Files</Filter>
    </ClInclude>
    <ClInclude Include="NATSUME.H">
      <Filter>Header Files</Filter>
    </ClInclude>
    <ClInclude Include="BEAM.H">
      <Filter>Header Files</Filter>
    </ClInclude>
    <ClInclude Include="HUDSON.H">
      <Filter>Header Files</Filter>
    </ClInclude>
    <ClInclude Include="MUSYX.H">
      <Filter>Header Files</Filter>
    </ClInclude>
    <ClInclude Include="WAV.H">
      <Filter>Header Files</Filter>
    </ClInclude>
    <ClInclude Include="SUNSOFT.H">
      <Filter>Header Files</Filter>
    </ClInclude>
    <ClInclude Include="TITUS1.H">
      <Filter>Header Files</Filter>
    </ClInclude>
    <ClInclude Include="KSADA.H">
      <Filter>Header Files</Filter>
    </ClInclude>
    <ClInclude Include="SQZDEC.H">
      <Filter>Header Files</Filter>
    </ClInclude>
    <ClInclude Include="TITUSDEC.H">
      <Filter>Header Files</Filter>
    </ClInclude>
    <ClInclude Include="TITUS2.H">
      <Filter>Header Files</Filter>
    </ClInclude>
    <ClInclude Include="SQUARE.H">
      <Filter>Header Files</Filter>
    </ClInclude>
    <ClInclude Include="DE1.H">
      <Filter>Header Files</Filter>
    </ClInclude>
  </ItemGroup>
  <ItemGroup>
    <ClCompile Include="SHARED.C">
      <Filter>Source Files</Filter>
    </ClCompile>
    <ClCompile Include="pch.c">
      <Filter>Source Files</Filter>
    </ClCompile>
    <ClCompile Include="MIDI.C">
      <Filter>Source Files</Filter>
    </ClCompile>
    <ClCompile Include="MCOOKSEY.C">
      <Filter>Source Files</Filter>
    </ClCompile>
    <ClCompile Include="TIERTEX.C">
      <Filter>Source Files</Filter>
    </ClCompile>
    <ClCompile Include="GHX.C">
      <Filter>Source Files</Filter>
    </ClCompile>
    <ClCompile Include="AUDIOART.C">
      <Filter>Source Files</Filter>
    </ClCompile>
    <ClCompile Include="CLIMAX.C">
      <Filter>Source Files</Filter>
    </ClCompile>
    <ClCompile Include="MWALKER.C">
      <Filter>Source Files</Filter>
    </ClCompile>
    <ClCompile Include="MEGAMAN1.C">
      <Filter>Source Files</Filter>
    </ClCompile>
    <ClCompile Include="DW.C">
      <Filter>Source Files</Filter>
    </ClCompile>
    <ClCompile Include="NINTENDO.C">
      <Filter>Source Files</Filter>
    </ClCompile>
    <ClCompile Include="PARAGON5.C">
      <Filter>Source Files</Filter>
    </ClCompile>
    <ClCompile Include="OCEAN.C">
      <Filter>Source Files</Filter>
    </ClCompile>
    <ClCompile Include="MEGAMAN2.C">
      <Filter>Source Files</Filter>
    </ClCompile>
    <ClCompile Include="MEGAMAN3.C">
      <Filter>Source Files</Filter>
    </ClCompile>
    <ClCompile Include="IMAGNRNG.C">
      <Filter>Source Files</Filter>
    </ClCompile>
    <ClCompile Include="CAPCOM.C">
      <Filter>Source Files</Filter>
    </ClCompile>
    <ClCompile Include="KONAMI.C">
      <Filter>Source Files</Filter>
    </ClCompile>
    <ClCompile Include="AJG.C">
      <Filter>Source Files</Filter>
    </ClCompile>
    <ClCompile Include="HAL.C">
      <Filter>Source Files</Filter>
    </ClCompile>
    <ClCompile Include="REALTIME.C">
      <Filter>Source Files</Filter>
    </ClCompile>
    <ClCompile Include="METROID2.C">
      <Filter>Source Files</Filter>
    </ClCompile>
    <ClCompile Include="RARE.C">
      <Filter>Source Files</Filter>
    </ClCompile>
    <ClCompile Include="GAMEFRK.C">
      <Filter>Source Files</Filter>
    </ClCompile>
    <ClCompile Include="JEROTEL.C">
      <Filter>Source Files</Filter>
    </ClCompile>
    <ClCompile Include="WARIOL2.C">
      <Filter>Source Files</Filter>
    </ClCompile>
    <ClCompile Include="PROBE.C">
      <Filter>Source Files</Filter>
    </ClCompile>
    <ClCompile Include="ROLAN.C">
      <Filter>Source Files</Filter>
    </ClCompile>
    <ClCompile Include="TECHNOS.C">
      <Filter>Source Files</Filter>
    </ClCompile>
    <ClCompile Include="TOSE.C">
      <Filter>Source Files</Filter>
    </ClCompile>
    <ClCompile Include="DAVDSHEA.C">
      <Filter>Source Files</Filter>
    </ClCompile>
    <ClCompile Include="NATSUME.C">
      <Filter>Source Files</Filter>
    </ClCompile>
    <ClCompile Include="BEAM.C">
      <Filter>Source Files</Filter>
    </ClCompile>
    <ClCompile Include="HUDSON.C">
      <Filter>Source Files</Filter>
    </ClCompile>
    <ClCompile Include="MUSYX.C">
      <Filter>Source Files</Filter>
    </ClCompile>
    <ClCompile Include="SUNSOFT.C">
      <Filter>Source Files</Filter>
    </ClCompile>
    <ClCompile Include="TITUS1.C">
      <Filter>Source Files</Filter>
    </ClCompile>
    <ClCompile Include="KSADA.C">
      <Filter>Source Files</Filter>
    </ClCompile>
    <ClCompile Include="RNC.C">
      <Filter>Source Files</Filter>
    </ClCompile>
    <ClCompile Include="SQZDEC.C">
      <Filter>Source Files</Filter>
    </ClCompile>
    <ClCompile Include="TITUSDEC.C">
      <Filter>Source Files</Filter>
    </ClCompile>
    <ClCompile Include="TITUS2.C">
      <Filter>Source Files</Filter>
    </ClCompile>
    <ClCompile Include="SQUARE.C">
      <Filter>Source Files</Filter>
    </ClCompile>
    <ClCompile Include="DE1.C">
      <Filter>Source Files</Filter>
    </ClCompile>
  </ItemGroup>
</Project>